
Microsoft Visual Studio Solution File, Format Version 12.00
# Visual Studio 15
VisualStudioVersion = 15.0.26124.0
MinimumVisualStudioVersion = 15.0.26124.0
Project("{FAE04EC0-301F-11D3-BF4B-00C04F79EFBC}") = "TonNurako", "TonNurako\TonNurako.csproj", "{91AF5E71-F75E-44FA-8B84-E921A7CEB08C}"
EndProject
Project("{2150E333-8FDC-42A3-9474-1A3956D46DE8}") = "Demo", "Demo", "{EDA45E7F-EC47-496F-A2AD-7EE736891D49}"
EndProject
Project("{FAE04EC0-301F-11D3-BF4B-00C04F79EFBC}") = "Simple", "Demo\Simple\Simple.csproj", "{EC0F13AE-CA71-4B91-A13D-062BDE781A76}"
EndProject
Project("{FAE04EC0-301F-11D3-BF4B-00C04F79EFBC}") = "Widgets", "Demo\Widgets\Widgets.csproj", "{543BE889-1DF9-43B6-B02D-6BB8E02EB5B3}"
EndProject
Project("{FAE04EC0-301F-11D3-BF4B-00C04F79EFBC}") = "Xft", "Demo\Xft\Xft.csproj", "{5A849B2B-97DC-4E4A-8439-2236AD36293D}"
EndProject
Project("{FAE04EC0-301F-11D3-BF4B-00C04F79EFBC}") = "Xlib", "Demo\Xlib\Xlib.csproj", "{A9B55F2B-644B-4AC4-A611-65A0B2C20751}"
EndProject
Project("{FAE04EC0-301F-11D3-BF4B-00C04F79EFBC}") = "XRender", "Demo\XRender\XRender.csproj", "{FF42BEBD-61A7-41B0-B62E-E287BB552AE9}"
EndProject
Project("{FAE04EC0-301F-11D3-BF4B-00C04F79EFBC}") = "Xt", "Demo\Xt\Xt.csproj", "{67A7834C-8550-4EB9-A152-B31BEA42971D}"
EndProject
Global
	GlobalSection(SolutionConfigurationPlatforms) = preSolution
		Debug|Any CPU = Debug|Any CPU
		Debug|x64 = Debug|x64
		Debug|x86 = Debug|x86
		Release|Any CPU = Release|Any CPU
		Release|x64 = Release|x64
		Release|x86 = Release|x86
	EndGlobalSection
	GlobalSection(SolutionProperties) = preSolution
		HideSolutionNode = FALSE
	EndGlobalSection
	GlobalSection(ProjectConfigurationPlatforms) = postSolution
		{91AF5E71-F75E-44FA-8B84-E921A7CEB08C}.Debug|Any CPU.ActiveCfg = Debug|Any CPU
		{91AF5E71-F75E-44FA-8B84-E921A7CEB08C}.Debug|Any CPU.Build.0 = Debug|Any CPU
		{91AF5E71-F75E-44FA-8B84-E921A7CEB08C}.Debug|x64.ActiveCfg = Debug|Any CPU
		{91AF5E71-F75E-44FA-8B84-E921A7CEB08C}.Debug|x64.Build.0 = Debug|Any CPU
		{91AF5E71-F75E-44FA-8B84-E921A7CEB08C}.Debug|x86.ActiveCfg = Debug|Any CPU
		{91AF5E71-F75E-44FA-8B84-E921A7CEB08C}.Debug|x86.Build.0 = Debug|Any CPU
		{91AF5E71-F75E-44FA-8B84-E921A7CEB08C}.Release|Any CPU.ActiveCfg = Release|Any CPU
		{91AF5E71-F75E-44FA-8B84-E921A7CEB08C}.Release|Any CPU.Build.0 = Release|Any CPU
		{91AF5E71-F75E-44FA-8B84-E921A7CEB08C}.Release|x64.ActiveCfg = Release|Any CPU
		{91AF5E71-F75E-44FA-8B84-E921A7CEB08C}.Release|x64.Build.0 = Release|Any CPU
		{91AF5E71-F75E-44FA-8B84-E921A7CEB08C}.Release|x86.ActiveCfg = Release|Any CPU
		{91AF5E71-F75E-44FA-8B84-E921A7CEB08C}.Release|x86.Build.0 = Release|Any CPU
		{EC0F13AE-CA71-4B91-A13D-062BDE781A76}.Debug|Any CPU.ActiveCfg = Debug|Any CPU
		{EC0F13AE-CA71-4B91-A13D-062BDE781A76}.Debug|Any CPU.Build.0 = Debug|Any CPU
		{EC0F13AE-CA71-4B91-A13D-062BDE781A76}.Debug|x64.ActiveCfg = Debug|Any CPU
		{EC0F13AE-CA71-4B91-A13D-062BDE781A76}.Debug|x64.Build.0 = Debug|Any CPU
		{EC0F13AE-CA71-4B91-A13D-062BDE781A76}.Debug|x86.ActiveCfg = Debug|Any CPU
		{EC0F13AE-CA71-4B91-A13D-062BDE781A76}.Debug|x86.Build.0 = Debug|Any CPU
		{EC0F13AE-CA71-4B91-A13D-062BDE781A76}.Release|Any CPU.ActiveCfg = Release|Any CPU
		{EC0F13AE-CA71-4B91-A13D-062BDE781A76}.Release|Any CPU.Build.0 = Release|Any CPU
		{EC0F13AE-CA71-4B91-A13D-062BDE781A76}.Release|x64.ActiveCfg = Release|Any CPU
		{EC0F13AE-CA71-4B91-A13D-062BDE781A76}.Release|x64.Build.0 = Release|Any CPU
		{EC0F13AE-CA71-4B91-A13D-062BDE781A76}.Release|x86.ActiveCfg = Release|Any CPU
		{EC0F13AE-CA71-4B91-A13D-062BDE781A76}.Release|x86.Build.0 = Release|Any CPU
		{543BE889-1DF9-43B6-B02D-6BB8E02EB5B3}.Debug|Any CPU.ActiveCfg = Debug|Any CPU
		{543BE889-1DF9-43B6-B02D-6BB8E02EB5B3}.Debug|Any CPU.Build.0 = Debug|Any CPU
		{543BE889-1DF9-43B6-B02D-6BB8E02EB5B3}.Debug|x64.ActiveCfg = Debug|Any CPU
		{543BE889-1DF9-43B6-B02D-6BB8E02EB5B3}.Debug|x64.Build.0 = Debug|Any CPU
		{543BE889-1DF9-43B6-B02D-6BB8E02EB5B3}.Debug|x86.ActiveCfg = Debug|Any CPU
		{543BE889-1DF9-43B6-B02D-6BB8E02EB5B3}.Debug|x86.Build.0 = Debug|Any CPU
		{543BE889-1DF9-43B6-B02D-6BB8E02EB5B3}.Release|Any CPU.ActiveCfg = Release|Any CPU
		{543BE889-1DF9-43B6-B02D-6BB8E02EB5B3}.Release|Any CPU.Build.0 = Release|Any CPU
		{543BE889-1DF9-43B6-B02D-6BB8E02EB5B3}.Release|x64.ActiveCfg = Release|Any CPU
		{543BE889-1DF9-43B6-B02D-6BB8E02EB5B3}.Release|x64.Build.0 = Release|Any CPU
		{543BE889-1DF9-43B6-B02D-6BB8E02EB5B3}.Release|x86.ActiveCfg = Release|Any CPU
		{543BE889-1DF9-43B6-B02D-6BB8E02EB5B3}.Release|x86.Build.0 = Release|Any CPU
		{5A849B2B-97DC-4E4A-8439-2236AD36293D}.Debug|Any CPU.ActiveCfg = Debug|Any CPU
		{5A849B2B-97DC-4E4A-8439-2236AD36293D}.Debug|Any CPU.Build.0 = Debug|Any CPU
		{5A849B2B-97DC-4E4A-8439-2236AD36293D}.Debug|x64.ActiveCfg = Debug|Any CPU
		{5A849B2B-97DC-4E4A-8439-2236AD36293D}.Debug|x64.Build.0 = Debug|Any CPU
		{5A849B2B-97DC-4E4A-8439-2236AD36293D}.Debug|x86.ActiveCfg = Debug|Any CPU
		{5A849B2B-97DC-4E4A-8439-2236AD36293D}.Debug|x86.Build.0 = Debug|Any CPU
		{5A849B2B-97DC-4E4A-8439-2236AD36293D}.Release|Any CPU.ActiveCfg = Release|Any CPU
		{5A849B2B-97DC-4E4A-8439-2236AD36293D}.Release|Any CPU.Build.0 = Release|Any CPU
		{5A849B2B-97DC-4E4A-8439-2236AD36293D}.Release|x64.ActiveCfg = Release|Any CPU
		{5A849B2B-97DC-4E4A-8439-2236AD36293D}.Release|x64.Build.0 = Release|Any CPU
		{5A849B2B-97DC-4E4A-8439-2236AD36293D}.Release|x86.ActiveCfg = Release|Any CPU
		{5A849B2B-97DC-4E4A-8439-2236AD36293D}.Release|x86.Build.0 = Release|Any CPU
		{A9B55F2B-644B-4AC4-A611-65A0B2C20751}.Debug|Any CPU.ActiveCfg = Debug|Any CPU
		{A9B55F2B-644B-4AC4-A611-65A0B2C20751}.Debug|Any CPU.Build.0 = Debug|Any CPU
		{A9B55F2B-644B-4AC4-A611-65A0B2C20751}.Debug|x64.ActiveCfg = Debug|Any CPU
		{A9B55F2B-644B-4AC4-A611-65A0B2C20751}.Debug|x64.Build.0 = Debug|Any CPU
		{A9B55F2B-644B-4AC4-A611-65A0B2C20751}.Debug|x86.ActiveCfg = Debug|Any CPU
		{A9B55F2B-644B-4AC4-A611-65A0B2C20751}.Debug|x86.Build.0 = Debug|Any CPU
		{A9B55F2B-644B-4AC4-A611-65A0B2C20751}.Release|Any CPU.ActiveCfg = Release|Any CPU
		{A9B55F2B-644B-4AC4-A611-65A0B2C20751}.Release|Any CPU.Build.0 = Release|Any CPU
		{A9B55F2B-644B-4AC4-A611-65A0B2C20751}.Release|x64.ActiveCfg = Release|Any CPU
		{A9B55F2B-644B-4AC4-A611-65A0B2C20751}.Release|x64.Build.0 = Release|Any CPU
		{A9B55F2B-644B-4AC4-A611-65A0B2C20751}.Release|x86.ActiveCfg = Release|Any CPU
		{A9B55F2B-644B-4AC4-A611-65A0B2C20751}.Release|x86.Build.0 = Release|Any CPU
		{FF42BEBD-61A7-41B0-B62E-E287BB552AE9}.Debug|Any CPU.ActiveCfg = Debug|Any CPU
		{FF42BEBD-61A7-41B0-B62E-E287BB552AE9}.Debug|Any CPU.Build.0 = Debug|Any CPU
		{FF42BEBD-61A7-41B0-B62E-E287BB552AE9}.Debug|x64.ActiveCfg = Debug|Any CPU
		{FF42BEBD-61A7-41B0-B62E-E287BB552AE9}.Debug|x64.Build.0 = Debug|Any CPU
		{FF42BEBD-61A7-41B0-B62E-E287BB552AE9}.Debug|x86.ActiveCfg = Debug|Any CPU
		{FF42BEBD-61A7-41B0-B62E-E287BB552AE9}.Debug|x86.Build.0 = Debug|Any CPU
		{FF42BEBD-61A7-41B0-B62E-E287BB552AE9}.Release|Any CPU.ActiveCfg = Release|Any CPU
		{FF42BEBD-61A7-41B0-B62E-E287BB552AE9}.Release|Any CPU.Build.0 = Release|Any CPU
		{FF42BEBD-61A7-41B0-B62E-E287BB552AE9}.Release|x64.ActiveCfg = Release|Any CPU
		{FF42BEBD-61A7-41B0-B62E-E287BB552AE9}.Release|x64.Build.0 = Release|Any CPU
		{FF42BEBD-61A7-41B0-B62E-E287BB552AE9}.Release|x86.ActiveCfg = Release|Any CPU
		{FF42BEBD-61A7-41B0-B62E-E287BB552AE9}.Release|x86.Build.0 = Release|Any CPU
		{67A7834C-8550-4EB9-A152-B31BEA42971D}.Debug|Any CPU.ActiveCfg = Debug|Any CPU
		{67A7834C-8550-4EB9-A152-B31BEA42971D}.Debug|Any CPU.Build.0 = Debug|Any CPU
		{67A7834C-8550-4EB9-A152-B31BEA42971D}.Debug|x64.ActiveCfg = Debug|Any CPU
		{67A7834C-8550-4EB9-A152-B31BEA42971D}.Debug|x64.Build.0 = Debug|Any CPU
		{67A7834C-8550-4EB9-A152-B31BEA42971D}.Debug|x86.ActiveCfg = Debug|Any CPU
		{67A7834C-8550-4EB9-A152-B31BEA42971D}.Debug|x86.Build.0 = Debug|Any CPU
		{67A7834C-8550-4EB9-A152-B31BEA42971D}.Release|Any CPU.ActiveCfg = Release|Any CPU
		{67A7834C-8550-4EB9-A152-B31BEA42971D}.Release|Any CPU.Build.0 = Release|Any CPU
		{67A7834C-8550-4EB9-A152-B31BEA42971D}.Release|x64.ActiveCfg = Release|Any CPU
		{67A7834C-8550-4EB9-A152-B31BEA42971D}.Release|x64.Build.0 = Release|Any CPU
		{67A7834C-8550-4EB9-A152-B31BEA42971D}.Release|x86.ActiveCfg = Release|Any CPU
		{67A7834C-8550-4EB9-A152-B31BEA42971D}.Release|x86.Build.0 = Release|Any CPU
	EndGlobalSection
	GlobalSection(NestedProjects) = preSolution
		{EC0F13AE-CA71-4B91-A13D-062BDE781A76} = {EDA45E7F-EC47-496F-A2AD-7EE736891D49}
		{543BE889-1DF9-43B6-B02D-6BB8E02EB5B3} = {EDA45E7F-EC47-496F-A2AD-7EE736891D49}
		{5A849B2B-97DC-4E4A-8439-2236AD36293D} = {EDA45E7F-EC47-496F-A2AD-7EE736891D49}
		{A9B55F2B-644B-4AC4-A611-65A0B2C20751} = {EDA45E7F-EC47-496F-A2AD-7EE736891D49}
		{FF42BEBD-61A7-41B0-B62E-E287BB552AE9} = {EDA45E7F-EC47-496F-A2AD-7EE736891D49}
		{67A7834C-8550-4EB9-A152-B31BEA42971D} = {EDA45E7F-EC47-496F-A2AD-7EE736891D49}
	EndGlobalSection
EndGlobal
